// !$*UTF8*$!
{
	archiveVersion = 1;
	classes = {
	};
	objectVersion = 50;
	objects = {

/* Begin PBXBuildFile section */
		87DBD359213545E100C7191A /* DetailViewController.swift in Sources */ = {isa = PBXBuildFile; fileRef = 87DBD358213545E100C7191A /* DetailViewController.swift */; };
		87F4E1EA21350B4400E2248A /* AppDelegate.swift in Sources */ = {isa = PBXBuildFile; fileRef = 87F4E1E921350B4400E2248A /* AppDelegate.swift */; };
		87F4E1EC21350B4400E2248A /* ViewController.swift in Sources */ = {isa = PBXBuildFile; fileRef = 87F4E1EB21350B4400E2248A /* ViewController.swift */; };
		87F4E1EF21350B4400E2248A /* Main.storyboard in Resources */ = {isa = PBXBuildFile; fileRef = 87F4E1ED21350B4400E2248A /* Main.storyboard */; };
		87F4E1F121350B4400E2248A /* Assets.xcassets in Resources */ = {isa = PBXBuildFile; fileRef = 87F4E1F021350B4400E2248A /* Assets.xcassets */; };
		87F4E1F421350B4400E2248A /* LaunchScreen.storyboard in Resources */ = {isa = PBXBuildFile; fileRef = 87F4E1F221350B4400E2248A /* LaunchScreen.storyboard */; };
/* End PBXBuildFile section */

/* Begin PBXFileReference section */
		87DBD358213545E100C7191A /* DetailViewController.swift */ = {isa = PBXFileReference; lastKnownFileType = sourcecode.swift; path = DetailViewController.swift; sourceTree = "<group>"; };
		87F4E1E621350B4400E2248A /* DemoSortDate.app */ = {isa = PBXFileReference; explicitFileType = wrapper.application; includeInIndex = 0; path = DemoSortDate.app; sourceTree = BUILT_PRODUCTS_DIR; };
		87F4E1E921350B4400E2248A /* AppDelegate.swift */ = {isa = PBXFileReference; lastKnownFileType = sourcecode.swift; path = AppDelegate.swift; sourceTree = "<group>"; };
		87F4E1EB21350B4400E2248A /* ViewController.swift */ = {isa = PBXFileReference; lastKnownFileType = sourcecode.swift; path = ViewController.swift; sourceTree = "<group>"; };
		87F4E1EE21350B4400E2248A /* Base */ = {isa = PBXFileReference; lastKnownFileType = file.storyboard; name = Base; path = Base.lproj/Main.storyboard; sourceTree = "<group>"; };
		87F4E1F021350B4400E2248A /* Assets.xcassets */ = {isa = PBXFileReference; lastKnownFileType = folder.assetcatalog; path = Assets.xcassets; sourceTree = "<group>"; };
		87F4E1F321350B4400E2248A /* Base */ = {isa = PBXFileReference; lastKnownFileType = file.storyboard; name = Base; path = Base.lproj/LaunchScreen.storyboard; sourceTree = "<group>"; };
		87F4E1F521350B4400E2248A /* Info.plist */ = {isa = PBXFileReference; lastKnownFileType = text.plist.xml; path = Info.plist; sourceTree = "<group>"; };
/* End PBXFileReference section */

/* Begin PBXFrameworksBuildPhase section */
		87F4E1E321350B4400E2248A /* Frameworks */ = {
			isa = PBXFrameworksBuildPhase;
			buildActionMask = 2147483647;
			files = (
			);
			runOnlyForDeploymentPostprocessing = 0;
		};
/* End PBXFrameworksBuildPhase section */

/* Begin PBXGroup section */
		87F4E1DD21350B4300E2248A = {
			isa = PBXGroup;
			children = (
				87F4E1E821350B4400E2248A /* DemoSortDate */,
				87F4E1E721350B4400E2248A /* Products */,
			);
			sourceTree = "<group>";
		};
		87F4E1E721350B4400E2248A /* Products */ = {
			isa = PBXGroup;
			children = (
				87F4E1E621350B4400E2248A /* DemoSortDate.app */,
			);
			name = Products;
			sourceTree = "<group>";
		};
		87F4E1E821350B4400E2248A /* DemoSortDate */ = {
			isa = PBXGroup;
			children = (
				87F4E1E921350B4400E2248A /* AppDelegate.swift */,
				87F4E1EB21350B4400E2248A /* ViewController.swift */,
				87F4E1ED21350B4400E2248A /* Main.storyboard */,
				87F4E1F021350B4400E2248A /* Assets.xcassets */,
				87F4E1F221350B4400E2248A /* LaunchScreen.storyboard */,
				87F4E1F521350B4400E2248A /* Info.plist */,
				87DBD358213545E100C7191A /* DetailViewController.swift */,
			);
			path = DemoSortDate;
			sourceTree = "<group>";
		};
/* End PBXGroup section */

/* Begin PBXNativeTarget section */
		87F4E1E521350B4400E2248A /* DemoSortDate */ = {
			isa = PBXNativeTarget;
			buildConfigurationList = 87F4E1F821350B4400E2248A /* Build configuration list for PBXNativeTarget "DemoSortDate" */;
			buildPhases = (
				87F4E1E221350B4400E2248A /* Sources */,
				87F4E1E321350B4400E2248A /* Frameworks */,
				87F4E1E421350B4400E2248A /* Resources */,
			);
			buildRules = (
			);
			dependencies = (
			);
			name = DemoSortDate;
			productName = DemoSortDate;
			productReference = 87F4E1E621350B4400E2248A /* DemoSortDate.app */;
			productType = "com.apple.product-type.application";
		};
/* End PBXNativeTarget section */

/* Begin PBXProject section */
		87F4E1DE21350B4300E2248A /* Project object */ = {
			isa = PBXProject;
			attributes = {
				LastSwiftUpdateCheck = 0940;
				LastUpgradeCheck = 0940;
				ORGANIZATIONNAME = nws;
				TargetAttributes = {
					87F4E1E521350B4400E2248A = {
						CreatedOnToolsVersion = 9.4.1;
					};
				};
			};
			buildConfigurationList = 87F4E1E121350B4300E2248A /* Build configuration list for PBXProject "DemoSortDate" */;
			compatibilityVersion = "Xcode 9.3";
			developmentRegion = en;
			hasScannedForEncodings = 0;
			knownRegions = (
				en,
				Base,
			);
			mainGroup = 87F4E1DD21350B4300E2248A;
			productRefGroup = 87F4E1E721350B4400E2248A /* Products */;
			projectDirPath = "";
			projectRoot = "";
			targets = (
				87F4E1E521350B4400E2248A /* DemoSortDate */,
			);
		};
/* End PBXProject section */

/* Begin PBXResourcesBuildPhase section */
		87F4E1E421350B4400E2248A /* Resources */ = {
			isa = PBXResourcesBuildPhase;
			buildActionMask = 2147483647;
			files = (
				87F4E1F421350B4400E2248A /* LaunchScreen.storyboard in Resources */,
				87F4E1F121350B4400E2248A /* Assets.xcassets in Resources */,
				87F4E1EF21350B4400E2248A /* Main.storyboard in Resources */,
			);
			runOnlyForDeploymentPostprocessing = 0;
		};
/* End PBXResourcesBuildPhase section */

/* Begin PBXSourcesBuildPhase section */
		87F4E1E221350B4400E2248A /* Sources */ = {
			isa = PBXSourcesBuildPhase;
			buildActionMask = 2147483647;
			files = (
				87DBD359213545E100C7191A /* DetailViewController.swift in Sources */,
				87F4E1EC21350B4400E2248A /* ViewController.swift in Sources */,
				87F4E1EA21350B4400E2248A /* AppDelegate.swift in Sources */,
			);
			runOnlyForDeploymentPostprocessing = 0;
		};
/* End PBXSourcesBuildPhase section */

/* Begin PBXVariantGroup section */
		87F4E1ED21350B4400E2248A /* Main.storyboard */ = {
			isa = PBXVariantGroup;
			children = (
				87F4E1EE21350B4400E2248A /* Base */,
			);
			name = Main.storyboard;
			sourceTree = "<group>";
		};
		87F4E1F221350B4400E2248A /* LaunchScreen.storyboard */ = {
			isa = PBXVariantGroup;
			children = (
				87F4E1F321350B4400E2248A /* Base */,
			);
			name = LaunchScreen.storyboard;
			sourceTree = "<group>";
		};
/* End PBXVariantGroup section */

/* Begin XCBuildConfiguration section */
		87F4E1F621350B4400E2248A /* Debug */ = {
			isa = XCBuildConfiguration;
			buildSettings = {
				ALWAYS_SEARCH_USER_PATHS = NO;
				CLANG_ANALYZER_NONNULL = YES;
				CLANG_ANALYZER_NUMBER_OBJECT_CONVERSION = YES_AGGRESSIVE;
				CLANG_CXX_LANGUAGE_STANDARD = "gnu++14";
				CLANG_CXX_LIBRARY = "libc++";
				CLANG_ENABLE_MODULES = YES;
				CLANG_ENABLE_OBJC_ARC = YES;
				CLANG_ENABLE_OBJC_WEAK = YES;
				CLANG_WARN_BLOCK_CAPTURE_AUTORELEASING = YES;
				CLANG_WARN_BOOL_CONVERSION = YES;
				CLANG_WARN_COMMA = YES;
				CLANG_WARN_CONSTANT_CONVERSION = YES;
				CLANG_WARN_DEPRECATED_OBJC_IMPLEMENTATIONS = YES;
				CLANG_WARN_DIRECT_OBJC_ISA_USAGE = YES_ERROR;
				CLANG_WARN_DOCUMENTATION_COMMENTS = YES;
				CLANG_WARN_EMPTY_BODY = YES;
				CLANG_WARN_ENUM_CONVERSION = YES;
				CLANG_WARN_INFINITE_RECURSION = YES;
				CLANG_WARN_INT_CONVERSION = YES;
				CLANG_WARN_NON_LITERAL_NULL_CONVERSION = YES;
				CLANG_WARN_OBJC_IMPLICIT_RETAIN_SELF = YES;
				CLANG_WARN_OBJC_LITERAL_CONVERSION = YES;
				CLANG_WARN_OBJC_ROOT_CLASS = YES_ERROR;
				CLANG_WARN_RANGE_LOOP_ANALYSIS = YES;
				CLANG_WARN_STRICT_PROTOTYPES = YES;
				CLANG_WARN_SUSPICIOUS_MOVE = YES;
				CLANG_WARN_UNGUARDED_AVAILABILITY = YES_AGGRESSIVE;
				CLANG_WARN_UNREACHABLE_CODE = YES;
				CLANG_WARN__DUPLICATE_METHOD_MATCH = YES;
				CODE_SIGN_IDENTITY = "iPhone Developer";
				COPY_PHASE_STRIP = NO;
				DEBUG_INFORMATION_FORMAT = dwarf;
				ENABLE_STRICT_OBJC_MSGSEND = YES;
				ENABLE_TESTABILITY = YES;
				GCC_C_LANGUAGE_STANDARD = gnu11;
				GCC_DYNAMIC_NO_PIC = NO;
				GCC_NO_COMMON_BLOCKS = YES;
				GCC_OPTIMIZATION_LEVEL = 0;
				GCC_PREPROCESSOR_DEFINITIONS = (
					"DEBUG=1",
					"$(inherited)",
				);
				GCC_WARN_64_TO_32_BIT_CONVERSION = YES;
				GCC_WARN_ABOUT_RETURN_TYPE = YES_ERROR;
				GCC_WARN_UNDECLARED_SELECTOR = YES;
				GCC_WARN_UNINITIALIZED_AUTOS = YES_AGGRESSIVE;
				GCC_WARN_UNUSED_FUNCTION = YES;
				GCC_WARN_UNUSED_VARIABLE = YES;
				IPHONEOS_DEPLOYMENT_TARGET = 11.4;
				MTL_ENABLE_DEBUG_INFO = YES;
				ONLY_ACTIVE_ARCH = YES;
				SDKROOT = iphoneos;
				SWIFT_ACTIVE_COMPILATION_CONDITIONS = DEBUG;
				SWIFT_OPTIMIZATION_LEVEL = "-Onone";
			};
			name = Debug;
		};
		87F4E1F721350B4400E2248A /* Release */ = {
			isa = XCBuildConfiguration;
			buildSettings = {
				ALWAYS_SEARCH_USER_PATHS = NO;
				CLANG_ANALYZER_NONNULL = YES;
				CLANG_ANALYZER_NUMBER_OBJECT_CONVERSION = YES_AGGRESSIVE;
				CLANG_CXX_LANGUAGE_STANDARD = "gnu++14";
				CLANG_CXX_LIBRARY = "libc++";
				CLANG_ENABLE_MODULES = YES;
				CLANG_ENABLE_OBJC_ARC = YES;
				CLANG_ENABLE_OBJC_WEAK = YES;
				CLANG_WARN_BLOCK_CAPTURE_AUTORELEASING = YES;
				CLANG_WARN_BOOL_CONVERSION = YES;
				CLANG_WARN_COMMA = YES;
				CLANG_WARN_CONSTANT_CONVERSION = YES;
				CLANG_WARN_DEPRECATED_OBJC_IMPLEMENTATIONS = YES;
				CLANG_WARN_DIRECT_OBJC_ISA_USAGE = YES_ERROR;
				CLANG_WARN_DOCUMENTATION_COMMENTS = YES;
				CLANG_WARN_EMPTY_BODY = YES;
				CLANG_WARN_ENUM_CONVERSION = YES;
				CLANG_WARN_INFINITE_RECURSION = YES;
				CLANG_WARN_INT_CONVERSION = YES;
				CLANG_WARN_NON_LITERAL_NULL_CONVERSION = YES;
				CLANG_WARN_OBJC_IMPLICIT_RETAIN_SELF = YES;
				CLANG_WARN_OBJC_LITERAL_CONVERSION = YES;
				CLANG_WARN_OBJC_ROOT_CLASS = YES_ERROR;
				CLANG_WARN_RANGE_LOOP_ANALYSIS = YES;
				CLANG_WARN_STRICT_PROTOTYPES = YES;
				CLANG_WARN_SUSPICIOUS_MOVE = YES;
				CLANG_WARN_UNGUARDED_AVAILABILITY = YES_AGGRESSIVE;
				CLANG_WARN_UNREACHABLE_CODE = YES;
				CLANG_WARN__DUPLICATE_METHOD_MATCH = YES;
				CODE_SIGN_IDENTITY = "iPhone Developer";
				COPY_PHASE_STRIP = NO;
				DEBUG_INFORMATION_FORMAT = "dwarf-with-dsym";
				ENABLE_NS_ASSERTIONS = NO;
				ENABLE_STRICT_OBJC_MSGSEND = YES;
				GCC_C_LANGUAGE_STANDARD = gnu11;
				GCC_NO_COMMON_BLOCKS = YES;
				GCC_WARN_64_TO_32_BIT_CONVERSION = YES;
				GCC_WARN_ABOUT_RETURN_TYPE = YES_ERROR;
				GCC_WARN_UNDECLARED_SELECTOR = YES;
				GCC_WARN_UNINITIALIZED_AUTOS = YES_AGGRESSIVE;
				GCC_WARN_UNUSED_FUNCTION = YES;
				GCC_WARN_UNUSED_VARIABLE = YES;
				IPHONEOS_DEPLOYMENT_TARGET = 11.4;
				MTL_ENABLE_DEBUG_INFO = NO;
				SDKROOT = iphoneos;
				SWIFT_COMPILATION_MODE = wholemodule;
				SWIFT_OPTIMIZATION_LEVEL = "-O";
				VALIDATE_PRODUCT = YES;
			};
			name = Release;
		};
		87F4E1F921350B4400E2248A /* Debug */ = {
			isa = XCBuildConfiguration;
			buildSettings = {
				ASSETCATALOG_COMPILER_APPICON_NAME = AppIcon;
				CODE_SIGN_STYLE = Automatic;
				INFOPLIST_FILE = DemoSortDate/Info.plist;
				LD_RUNPATH_SEARCH_PATHS = (
					"$(inherited)",
					"@executable_path/Frameworks",
				);
				PRODUCT_BUNDLE_IDENTIFIER = com.nws.DemoSortDate;
				PRODUCT_NAME = "$(TARGET_NAME)";
				SWIFT_VERSION = 4.0;
				TARGETED_DEVICE_FAMILY = "1,2";
			};
			name = Debug;
		};
		87F4E1FA21350B4400E2248A /* Release */ = {
			isa = XCBuildConfiguration;
			buildSettings = {
				ASSETCATALOG_COMPILER_APPICON_NAME = AppIcon;
				CODE_SIGN_STYLE = Automatic;
				INFOPLIST_FILE = DemoSortDate/Info.plist;
				LD_RUNPATH_SEARCH_PATHS = (
					"$(inherited)",
					"@executable_path/Frameworks",
				);
				PRODUCT_BUNDLE_IDENTIFIER = com.nws.DemoSortDate;
				PRODUCT_NAME = "$(TARGET_NAME)";
				SWIFT_VERSION = 4.0;
				TARGETED_DEVICE_FAMILY = "1,2";
			};
			name = Release;
		};
/* End XCBuildConfiguration section */

/* Begin XCConfigurationList section */
		87F4E1E121350B4300E2248A /* Build configuration list for PBXProject "DemoSortDate" */ = {
			isa = XCConfigurationList;
			buildConfigurations = (
				87F4E1F621350B4400E2248A /* Debug */,
				87F4E1F721350B4400E2248A /* Release */,
			);
			defaultConfigurationIsVisible = 0;
			defaultConfigurationName = Release;
		};
		87F4E1F821350B4400E2248A /* Build configuration list for PBXNativeTarget "DemoSortDate" */ = {
			isa = XCConfigurationList;
			buildConfigurations = (
				87F4E1F921350B4400E2248A /* Debug */,
				87F4E1FA21350B4400E2248A /* Release */,
			);
			defaultConfigurationIsVisible = 0;
			defaultConfigurationName = Release;
		};
/* End XCConfigurationList section */
	};
	rootObject = 87F4E1DE21350B4300E2248A /* Project object */;
}
